
Microsoft Visual Studio Solution File, Format Version 12.00
# Visual Studio 15
VisualStudioVersion = 15.0.27004.2009
MinimumVisualStudioVersion = 10.0.40219.1
Project("{9A19103F-16F7-4668-BE54-9A1E7A4F7556}") = "NETStandard.API", "..\..\..\..\Desktop\NETStandard\NETStandard.API\NETStandard.API.csproj", "{4A6C2263-6241-425B-B5CC-B23C49286961}"
EndProject
Project("{9A19103F-16F7-4668-BE54-9A1E7A4F7556}") = "NETStandard.Repository", "NETStandard.Repository\NETStandard.Repository.csproj", "{2511220D-2A30-4128-9360-CA92410C50B7}"
EndProject
Project("{9A19103F-16F7-4668-BE54-9A1E7A4F7556}") = "NETStandard.Repository.Interfaces", "NETStandard.Repository.Interfaces\NETStandard.Repository.Interfaces.csproj", "{07C0F742-A557-4D10-BC53-4268D4ED5714}"
EndProject
Project("{9A19103F-16F7-4668-BE54-9A1E7A4F7556}") = "NETStandard.Entities", "NETStandard.Entities\NETStandard.Entities.csproj", "{8C803AF0-DE5E-46F9-8A54-CF1529D3DA06}"
EndProject
Global
	GlobalSection(SolutionConfigurationPlatforms) = preSolution
		Debug|Any CPU = Debug|Any CPU
		Release|Any CPU = Release|Any CPU
	EndGlobalSection
	GlobalSection(ProjectConfigurationPlatforms) = postSolution
		{4A6C2263-6241-425B-B5CC-B23C49286961}.Debug|Any CPU.ActiveCfg = Debug|Any CPU
		{4A6C2263-6241-425B-B5CC-B23C49286961}.Debug|Any CPU.Build.0 = Debug|Any CPU
		{4A6C2263-6241-425B-B5CC-B23C49286961}.Release|Any CPU.ActiveCfg = Release|Any CPU
		{4A6C2263-6241-425B-B5CC-B23C49286961}.Release|Any CPU.Build.0 = Release|Any CPU
		{2511220D-2A30-4128-9360-CA92410C50B7}.Debug|Any CPU.ActiveCfg = Debug|Any CPU
		{2511220D-2A30-4128-9360-CA92410C50B7}.Debug|Any CPU.Build.0 = Debug|Any CPU
		{2511220D-2A30-4128-9360-CA92410C50B7}.Release|Any CPU.ActiveCfg = Release|Any CPU
		{2511220D-2A30-4128-9360-CA92410C50B7}.Release|Any CPU.Build.0 = Release|Any CPU
		{07C0F742-A557-4D10-BC53-4268D4ED5714}.Debug|Any CPU.ActiveCfg = Debug|Any CPU
		{07C0F742-A557-4D10-BC53-4268D4ED5714}.Debug|Any CPU.Build.0 = Debug|Any CPU
		{07C0F742-A557-4D10-BC53-4268D4ED5714}.Release|Any CPU.ActiveCfg = Release|Any CPU
		{07C0F742-A557-4D10-BC53-4268D4ED5714}.Release|Any CPU.Build.0 = Release|Any CPU
		{8C803AF0-DE5E-46F9-8A54-CF1529D3DA06}.Debug|Any CPU.ActiveCfg = Debug|Any CPU
		{8C803AF0-DE5E-46F9-8A54-CF1529D3DA06}.Debug|Any CPU.Build.0 = Debug|Any CPU
		{8C803AF0-DE5E-46F9-8A54-CF1529D3DA06}.Release|Any CPU.ActiveCfg = Release|Any CPU
		{8C803AF0-DE5E-46F9-8A54-CF1529D3DA06}.Release|Any CPU.Build.0 = Release|Any CPU
	EndGlobalSection
	GlobalSection(SolutionProperties) = preSolution
		HideSolutionNode = FALSE
	EndGlobalSection
	GlobalSection(ExtensibilityGlobals) = postSolution
		SolutionGuid = {FB2940EF-7A86-4C19-99BB-B6E0068B2E88}
	EndGlobalSection
EndGlobal
