
Microsoft Visual Studio Solution File, Format Version 12.00
# Visual Studio 15
VisualStudioVersion = 15.0.27004.2009
MinimumVisualStudioVersion = 10.0.40219.1
Project("{9A19103F-16F7-4668-BE54-9A1E7A4F7556}") = "NETStandard.Repository", "NETStandard.Repository\NETStandard.Repository.csproj", "{2511220D-2A30-4128-9360-CA92410C50B7}"
EndProject
Project("{9A19103F-16F7-4668-BE54-9A1E7A4F7556}") = "NETStandard.Entities", "NETStandard.Entities\NETStandard.Entities.csproj", "{8C803AF0-DE5E-46F9-8A54-CF1529D3DA06}"
EndProject
Project("{9A19103F-16F7-4668-BE54-9A1E7A4F7556}") = "NETStandard.API", "NETStandard.API\NETStandard.API.csproj", "{5AF8E1D5-1075-400F-AFDB-02178705C019}"
EndProject
Project("{9A19103F-16F7-4668-BE54-9A1E7A4F7556}") = "NETStandard.UnitOfWork", "NETStandard.UnitOfWork\NETStandard.UnitOfWork.csproj", "{E28A4D77-951E-4E19-9BEB-06983EE05723}"
EndProject
Project("{2150E333-8FDC-42A3-9474-1A3956D46DE8}") = "ApplicationCore", "ApplicationCore", "{FB8FDE1A-494D-4DA9-8145-72FD6C0129D6}"
EndProject
Project("{2150E333-8FDC-42A3-9474-1A3956D46DE8}") = "Infrastructure", "Infrastructure", "{1CDEA0ED-F6F7-4556-A97F-AED489095E4A}"
EndProject
Project("{2150E333-8FDC-42A3-9474-1A3956D46DE8}") = "UI", "UI", "{2692EB43-7E48-4B6E-87B6-CB5A1C9E8DFB}"
EndProject
Project("{FAE04EC0-301F-11D3-BF4B-00C04F79EFBC}") = "NETStandard.Interfaces", "NETStandard.Interfaces\NETStandard.Interfaces.csproj", "{893BC5D4-0530-41C7-BE58-C911C8375B69}"
EndProject
Project("{FAE04EC0-301F-11D3-BF4B-00C04F79EFBC}") = "NETStandard.Services", "NETStandard.Services\NETStandard.Services.csproj", "{80D99299-D35E-4CF4-8F0F-3732AFF9555E}"
EndProject
Project("{FAE04EC0-301F-11D3-BF4B-00C04F79EFBC}") = "NETStandard.Specifications", "NETStandard.Specifications\NETStandard.Specifications.csproj", "{4B3AE75A-0B57-4AC4-9962-1F5B9D6BD0C8}"
EndProject
Global
	GlobalSection(SolutionConfigurationPlatforms) = preSolution
		Debug|Any CPU = Debug|Any CPU
		Release|Any CPU = Release|Any CPU
	EndGlobalSection
	GlobalSection(ProjectConfigurationPlatforms) = postSolution
		{2511220D-2A30-4128-9360-CA92410C50B7}.Debug|Any CPU.ActiveCfg = Debug|Any CPU
		{2511220D-2A30-4128-9360-CA92410C50B7}.Debug|Any CPU.Build.0 = Debug|Any CPU
		{2511220D-2A30-4128-9360-CA92410C50B7}.Release|Any CPU.ActiveCfg = Release|Any CPU
		{2511220D-2A30-4128-9360-CA92410C50B7}.Release|Any CPU.Build.0 = Release|Any CPU
		{8C803AF0-DE5E-46F9-8A54-CF1529D3DA06}.Debug|Any CPU.ActiveCfg = Debug|Any CPU
		{8C803AF0-DE5E-46F9-8A54-CF1529D3DA06}.Debug|Any CPU.Build.0 = Debug|Any CPU
		{8C803AF0-DE5E-46F9-8A54-CF1529D3DA06}.Release|Any CPU.ActiveCfg = Release|Any CPU
		{8C803AF0-DE5E-46F9-8A54-CF1529D3DA06}.Release|Any CPU.Build.0 = Release|Any CPU
		{5AF8E1D5-1075-400F-AFDB-02178705C019}.Debug|Any CPU.ActiveCfg = Debug|Any CPU
		{5AF8E1D5-1075-400F-AFDB-02178705C019}.Debug|Any CPU.Build.0 = Debug|Any CPU
		{5AF8E1D5-1075-400F-AFDB-02178705C019}.Release|Any CPU.ActiveCfg = Release|Any CPU
		{5AF8E1D5-1075-400F-AFDB-02178705C019}.Release|Any CPU.Build.0 = Release|Any CPU
		{E28A4D77-951E-4E19-9BEB-06983EE05723}.Debug|Any CPU.ActiveCfg = Debug|Any CPU
		{E28A4D77-951E-4E19-9BEB-06983EE05723}.Debug|Any CPU.Build.0 = Debug|Any CPU
		{E28A4D77-951E-4E19-9BEB-06983EE05723}.Release|Any CPU.ActiveCfg = Release|Any CPU
		{E28A4D77-951E-4E19-9BEB-06983EE05723}.Release|Any CPU.Build.0 = Release|Any CPU
		{893BC5D4-0530-41C7-BE58-C911C8375B69}.Debug|Any CPU.ActiveCfg = Debug|Any CPU
		{893BC5D4-0530-41C7-BE58-C911C8375B69}.Debug|Any CPU.Build.0 = Debug|Any CPU
		{893BC5D4-0530-41C7-BE58-C911C8375B69}.Release|Any CPU.ActiveCfg = Release|Any CPU
		{893BC5D4-0530-41C7-BE58-C911C8375B69}.Release|Any CPU.Build.0 = Release|Any CPU
		{80D99299-D35E-4CF4-8F0F-3732AFF9555E}.Debug|Any CPU.ActiveCfg = Debug|Any CPU
		{80D99299-D35E-4CF4-8F0F-3732AFF9555E}.Debug|Any CPU.Build.0 = Debug|Any CPU
		{80D99299-D35E-4CF4-8F0F-3732AFF9555E}.Release|Any CPU.ActiveCfg = Release|Any CPU
		{80D99299-D35E-4CF4-8F0F-3732AFF9555E}.Release|Any CPU.Build.0 = Release|Any CPU
		{4B3AE75A-0B57-4AC4-9962-1F5B9D6BD0C8}.Debug|Any CPU.ActiveCfg = Debug|Any CPU
		{4B3AE75A-0B57-4AC4-9962-1F5B9D6BD0C8}.Debug|Any CPU.Build.0 = Debug|Any CPU
		{4B3AE75A-0B57-4AC4-9962-1F5B9D6BD0C8}.Release|Any CPU.ActiveCfg = Release|Any CPU
		{4B3AE75A-0B57-4AC4-9962-1F5B9D6BD0C8}.Release|Any CPU.Build.0 = Release|Any CPU
	EndGlobalSection
	GlobalSection(SolutionProperties) = preSolution
		HideSolutionNode = FALSE
	EndGlobalSection
	GlobalSection(NestedProjects) = preSolution
		{2511220D-2A30-4128-9360-CA92410C50B7} = {1CDEA0ED-F6F7-4556-A97F-AED489095E4A}
		{8C803AF0-DE5E-46F9-8A54-CF1529D3DA06} = {FB8FDE1A-494D-4DA9-8145-72FD6C0129D6}
		{5AF8E1D5-1075-400F-AFDB-02178705C019} = {2692EB43-7E48-4B6E-87B6-CB5A1C9E8DFB}
		{E28A4D77-951E-4E19-9BEB-06983EE05723} = {1CDEA0ED-F6F7-4556-A97F-AED489095E4A}
		{893BC5D4-0530-41C7-BE58-C911C8375B69} = {FB8FDE1A-494D-4DA9-8145-72FD6C0129D6}
		{80D99299-D35E-4CF4-8F0F-3732AFF9555E} = {FB8FDE1A-494D-4DA9-8145-72FD6C0129D6}
		{4B3AE75A-0B57-4AC4-9962-1F5B9D6BD0C8} = {FB8FDE1A-494D-4DA9-8145-72FD6C0129D6}
	EndGlobalSection
	GlobalSection(ExtensibilityGlobals) = postSolution
		SolutionGuid = {FB2940EF-7A86-4C19-99BB-B6E0068B2E88}
	EndGlobalSection
EndGlobal
